
Microsoft Visual Studio Solution File, Format Version 12.00
# Visual Studio 2015
Project("{FAE04EC0-301F-11D3-BF4B-00C04F79EFBC}") = "Proyect Legends.Plugins", "Proyect Legends.Plugins.csproj", "{3BC2A3B0-9E1A-97A3-E54A-B8C98542BDC6}"
EndProject
Project("{FAE04EC0-301F-11D3-BF4B-00C04F79EFBC}") = "Proyect Legends", "Proyect Legends.csproj", "{AE3366E3-28A7-D96F-B57A-BB3F4E404AE7}"
EndProject
Project("{FAE04EC0-301F-11D3-BF4B-00C04F79EFBC}") = "Proyect Legends.Editor", "Proyect Legends.Editor.csproj", "{F2C5BBDB-5C3A-9D24-F663-3CCC4494094E}"
EndProject
Global
	GlobalSection(SolutionConfigurationPlatforms) = preSolution
		Debug|Any CPU = Debug|Any CPU
		Release|Any CPU = Release|Any CPU
	EndGlobalSection
	GlobalSection(ProjectConfigurationPlatforms) = postSolution
		{3BC2A3B0-9E1A-97A3-E54A-B8C98542BDC6}.Debug|Any CPU.ActiveCfg = Debug|Any CPU
		{3BC2A3B0-9E1A-97A3-E54A-B8C98542BDC6}.Debug|Any CPU.Build.0 = Debug|Any CPU
		{3BC2A3B0-9E1A-97A3-E54A-B8C98542BDC6}.Release|Any CPU.ActiveCfg = Release|Any CPU
		{3BC2A3B0-9E1A-97A3-E54A-B8C98542BDC6}.Release|Any CPU.Build.0 = Release|Any CPU
		{AE3366E3-28A7-D96F-B57A-BB3F4E404AE7}.Debug|Any CPU.ActiveCfg = Debug|Any CPU
		{AE3366E3-28A7-D96F-B57A-BB3F4E404AE7}.Debug|Any CPU.Build.0 = Debug|Any CPU
		{AE3366E3-28A7-D96F-B57A-BB3F4E404AE7}.Release|Any CPU.ActiveCfg = Release|Any CPU
		{AE3366E3-28A7-D96F-B57A-BB3F4E404AE7}.Release|Any CPU.Build.0 = Release|Any CPU
		{F2C5BBDB-5C3A-9D24-F663-3CCC4494094E}.Debug|Any CPU.ActiveCfg = Debug|Any CPU
		{F2C5BBDB-5C3A-9D24-F663-3CCC4494094E}.Debug|Any CPU.Build.0 = Debug|Any CPU
		{F2C5BBDB-5C3A-9D24-F663-3CCC4494094E}.Release|Any CPU.ActiveCfg = Release|Any CPU
		{F2C5BBDB-5C3A-9D24-F663-3CCC4494094E}.Release|Any CPU.Build.0 = Release|Any CPU
	EndGlobalSection
	GlobalSection(SolutionProperties) = preSolution
		HideSolutionNode = FALSE
	EndGlobalSection
EndGlobal
